
Microsoft Visual Studio Solution File, Format Version 12.00
# Visual Studio Version 17
VisualStudioVersion = 17.14.36401.2
MinimumVisualStudioVersion = 10.0.40219.1
Project("{FAE04EC0-301F-11D3-BF4B-00C04F79EFBC}") = "QuizAI.API", "QuizAI.API\QuizAI.API.csproj", "{5BBA8D01-A80E-43E1-BBB8-698F7B2B6F50}"
EndProject
Project("{FAE04EC0-301F-11D3-BF4B-00C04F79EFBC}") = "QuizAI.Model", "QuizAI.Model\QuizAI.Model.csproj", "{5FA144C3-1D78-47A1-90C5-C7FDCE5FF9E5}"
EndProject
Project("{FAE04EC0-301F-11D3-BF4B-00C04F79EFBC}") = "QuizAI.Data", "QuizAI.Data\QuizAI.Data.csproj", "{9373A4CB-BCC4-4064-86F4-B3AB88C0FDB4}"
EndProject
Project("{FAE04EC0-301F-11D3-BF4B-00C04F79EFBC}") = "QuizAI.Application", "QuizAI.Application\QuizAI.Application.csproj", "{E96777FD-FBA0-4C95-90E8-2A5734F91D6A}"
EndProject
Project("{FAE04EC0-301F-11D3-BF4B-00C04F79EFBC}") = "QuizAI.Exceptions", "QuizAI.Exceptions\QuizAI.Exceptions.csproj", "{FAE56420-2F14-44A7-9D8C-B595AE6904F6}"
EndProject
Global
	GlobalSection(SolutionConfigurationPlatforms) = preSolution
		Debug|Any CPU = Debug|Any CPU
		Release|Any CPU = Release|Any CPU
	EndGlobalSection
	GlobalSection(ProjectConfigurationPlatforms) = postSolution
		{5BBA8D01-A80E-43E1-BBB8-698F7B2B6F50}.Debug|Any CPU.ActiveCfg = Debug|Any CPU
		{5BBA8D01-A80E-43E1-BBB8-698F7B2B6F50}.Debug|Any CPU.Build.0 = Debug|Any CPU
		{5BBA8D01-A80E-43E1-BBB8-698F7B2B6F50}.Release|Any CPU.ActiveCfg = Release|Any CPU
		{5BBA8D01-A80E-43E1-BBB8-698F7B2B6F50}.Release|Any CPU.Build.0 = Release|Any CPU
		{5FA144C3-1D78-47A1-90C5-C7FDCE5FF9E5}.Debug|Any CPU.ActiveCfg = Debug|Any CPU
		{5FA144C3-1D78-47A1-90C5-C7FDCE5FF9E5}.Debug|Any CPU.Build.0 = Debug|Any CPU
		{5FA144C3-1D78-47A1-90C5-C7FDCE5FF9E5}.Release|Any CPU.ActiveCfg = Release|Any CPU
		{5FA144C3-1D78-47A1-90C5-C7FDCE5FF9E5}.Release|Any CPU.Build.0 = Release|Any CPU
		{9373A4CB-BCC4-4064-86F4-B3AB88C0FDB4}.Debug|Any CPU.ActiveCfg = Debug|Any CPU
		{9373A4CB-BCC4-4064-86F4-B3AB88C0FDB4}.Debug|Any CPU.Build.0 = Debug|Any CPU
		{9373A4CB-BCC4-4064-86F4-B3AB88C0FDB4}.Release|Any CPU.ActiveCfg = Release|Any CPU
		{9373A4CB-BCC4-4064-86F4-B3AB88C0FDB4}.Release|Any CPU.Build.0 = Release|Any CPU
		{E96777FD-FBA0-4C95-90E8-2A5734F91D6A}.Debug|Any CPU.ActiveCfg = Debug|Any CPU
		{E96777FD-FBA0-4C95-90E8-2A5734F91D6A}.Debug|Any CPU.Build.0 = Debug|Any CPU
		{E96777FD-FBA0-4C95-90E8-2A5734F91D6A}.Release|Any CPU.ActiveCfg = Release|Any CPU
		{E96777FD-FBA0-4C95-90E8-2A5734F91D6A}.Release|Any CPU.Build.0 = Release|Any CPU
		{FAE56420-2F14-44A7-9D8C-B595AE6904F6}.Debug|Any CPU.ActiveCfg = Debug|Any CPU
		{FAE56420-2F14-44A7-9D8C-B595AE6904F6}.Debug|Any CPU.Build.0 = Debug|Any CPU
		{FAE56420-2F14-44A7-9D8C-B595AE6904F6}.Release|Any CPU.ActiveCfg = Release|Any CPU
		{FAE56420-2F14-44A7-9D8C-B595AE6904F6}.Release|Any CPU.Build.0 = Release|Any CPU
	EndGlobalSection
	GlobalSection(SolutionProperties) = preSolution
		HideSolutionNode = FALSE
	EndGlobalSection
	GlobalSection(ExtensibilityGlobals) = postSolution
		SolutionGuid = {EE933628-7F5B-48B5-8426-FDD436ECEC69}
	EndGlobalSection
EndGlobal
